
Microsoft Visual Studio Solution File, Format Version 12.00
# Visual Studio Version 17
VisualStudioVersion = 17.4.33205.214
MinimumVisualStudioVersion = 10.0.40219.1
Project("{FAE04EC0-301F-11D3-BF4B-00C04F79EFBC}") = "ConsoleApp1", "ConsoleApp1\ConsoleApp1.csproj", "{76F33A88-65D5-4935-9ED7-1977E5EAF8B3}"
EndProject
Global
	GlobalSection(SolutionConfigurationPlatforms) = preSolution
		Debug|Any CPU = Debug|Any CPU
		Release|Any CPU = Release|Any CPU
	EndGlobalSection
	GlobalSection(ProjectConfigurationPlatforms) = postSolution
		{76F33A88-65D5-4935-9ED7-1977E5EAF8B3}.Debug|Any CPU.ActiveCfg = Debug|Any CPU
		{76F33A88-65D5-4935-9ED7-1977E5EAF8B3}.Debug|Any CPU.Build.0 = Debug|Any CPU
		{76F33A88-65D5-4935-9ED7-1977E5EAF8B3}.Release|Any CPU.ActiveCfg = Release|Any CPU
		{76F33A88-65D5-4935-9ED7-1977E5EAF8B3}.Release|Any CPU.Build.0 = Release|Any CPU
	EndGlobalSection
	GlobalSection(SolutionProperties) = preSolution
		HideSolutionNode = FALSE
	EndGlobalSection
	GlobalSection(ExtensibilityGlobals) = postSolution
		SolutionGuid = {C2189ABF-8464-47AA-8965-330C97665AFE}
	EndGlobalSection
EndGlobal
